alarmclock:
  sensor:
    # - platform: scrape
    #   resource: https://podkast.nrk.no/program/smartere_paa_10_minutter.rss
    #   name: podcast_smartere_paa
    #   select: "enclosure"
    #   attribute: url
    #   index: 0
    #   scan_interval: 900

  automation:
    - alias: AlarmTime
      id: alarmtime
      trigger:
        platform: template
        value_template: >-
          {%-set nextAlarm = states.sensor.oneplus_next_alarm.state -%}
          {%-set nextAlarmAsTimestamp = as_timestamp(nextAlarm,(as_timestamp(utcnow())+100000)) -%}
          {%-set minutesBefore = 10 -%}
          {{(nextAlarmAsTimestamp - as_timestamp(utcnow()) < (60 * minutesBefore))}}
      condition:
        condition: and
        conditions:
          # - condition: time
          #   weekday:
          #   - mon
          #   - tue
          #   - wed
          #   - thu
          #   - fri
          - condition: state
            entity_id: input_boolean.easleep
            state: "on"
          - condition: state
            entity_id: input_boolean.casleep
            state: "off"
          # - condition: state
          #   entity_id: binary_sensor.ccharging
          #   state: 'off'
          - condition: state
            entity_id: input_boolean.alarmclock
            state: "on"
          # - condition: state
          #   entity_id: input_boolean.trymasleep
          #   state: 'off'
          - condition: state
            entity_id: binary_sensor.erlendhome
            state: "on"
      action:
        # - service: notify.me
        #   data:
        #     message: 'Vekking av deg startet'
        - service: script.turn_on
          entity_id: script.wakeup

    # - alias: ErlendWakeup
    #   id: ErlendWakeup
    #   trigger:
    #     - platform: time
    #       at: 06:20:00
    #   condition:
    #     condition: and
    #     conditions:
    #       - condition: time
    #         weekday:
    #           - mon
    #           - tue
    #           - wed
    #           - thu
    #           - fri
    #       - condition: state
    #         entity_id: input_boolean.easleep
    #         state: "on"
    #       - condition: state
    #         entity_id: input_boolean.casleep
    #         state: "off"
    #       - condition: state
    #         entity_id: binary_sensor.ccharging
    #         state: "off"
    #       - condition: state
    #         entity_id: input_boolean.alarmclock
    #         state: "on"
    #       # - condition: state
    #       #   entity_id: input_boolean.trymasleep
    #       #   state: 'off'
    #       - condition: state
    #         entity_id: binary_sensor.erlendhome
    #         state: "on"
    #   action:
    #     - service: notify.me
    #       data:
    #         message: "Vekking av deg startet"
    #     - service: script.turn_on
    #       entity_id: script.wakeup

    - alias: ErlendOverSover
      id: ErlendOverSover
      trigger:
        - platform: time
          at: 08:30:00
      condition:
        condition: and
        conditions:
          - condition: time
            weekday:
              - mon
              - tue
              - wed
              - thu
              - fri
          - condition: state
            entity_id: input_boolean.easleep
            state: "on"
          - condition: state
            entity_id: input_boolean.alarmclock
            state: "on"
      action:
        - service: script.turn_on
          entity_id: script.overslept

    - alias: ErlendOverSoverfortsatt
      id: ErlendOverSoverfortsatt
      trigger:
        - platform: time
          at: 08:55:00
      condition:
        condition: and
        conditions:
          - condition: time  
            weekday:
              - mon
              - tue
              - wed
              - thu
              - fri
          - condition: state
            entity_id: binary_sensor.erlendhome
            state: "on"
          - condition: state
            entity_id: input_boolean.reminderlendwork
            state: "on"
      action:
        - service: script.turn_on
          entity_id: script.stilloverslept

  script:
    wakeup:
      sequence:
        - service: light.turn_on
          entity_id: light.bedroomlights
          data:
            brightness_pct: 100
            transition: 100
        - service: media_player.play_media
          data:
            entity_id: media_player.clock
            #media_content_id: "{{states.sensor.podcast_smartere_paa.state}}"
            media_content_id: "https://p4.p4groupaudio.com/P04_MH"
            media_content_type: "music"
        - service: media_player.volume_set
          data_template:
            entity_id: media_player.clock
            volume_level: "0.45"
        # - service: media_player.play_media
        #   entity_id: media_player.clock
        #   data:
        #     media_content_id: "{{states.sensor.podcast_smartere_paa.state}}"
        #     media_content_type: music

    overslept:
      sequence:
        - service: notify.carolinepush
          data:
            title: Erlend har ikke stått opp enda.
            message: Han burde vekkes.!
        - service: notify.erlendpush
          data:
            title: Erlend har ikke stått opp enda.
            message: Han burde vekkes!
        - service: light.turn_on
          entity_id: group.bedroomlights
        - service: light.turn_off
          entity_id: group.bedroomlights
        - service: light.turn_on
          entity_id: group.bedroomlights
        - service: light.turn_off
          entity_id: group.bedroomlights
        - service: light.turn_on
          entity_id: group.bedroomlights
        - service: light.turn_off
          entity_id: group.bedroomlights
        - service: light.turn_on
          entity_id: group.bedroomlights

    stilloverslept:
      sequence:
        - service: notify.erlendpush
          data:
            title: Erlend har ikke dratt på jobb enda
            message: Vekk han om han skal på jobb!
        - service: notify.carolinepush
          data:
            title: Erlend har ikke dratt på jobb enda
            message: Vekk han om han skal på jobb!
        - service: light.turn_on
          entity_id: group.bedroomlights
        - service: light.turn_off
          entity_id: group.bedroomlights
        - service: light.turn_on
          entity_id: group.bedroomlights
        - service: light.turn_off
          entity_id: group.bedroomlights
        - service: light.turn_on
          entity_id: group.bedroomlights
        - service: light.turn_off
          entity_id: group.bedroomlights
        - service: light.turn_on
          entity_id: group.bedroomlights
